
Microsoft Visual Studio Solution File, Format Version 12.00
Project("{2150E333-8FDC-42A3-9474-1A3956D46DE8}") = "docs", "docs", "{ACFCEFF7-8C3B-4D05-8080-DD19A6E07873}"
	ProjectSection(SolutionItems) = preProject
		README.md = README.md
	EndProjectSection
EndProject
Project("{2150E333-8FDC-42A3-9474-1A3956D46DE8}") = "actions", "actions", "{82BA388F-4AE2-43A2-965A-AC2092BF26F3}"
	ProjectSection(SolutionItems) = preProject
		.github\workflows\dotnet.yml = .github\workflows\dotnet.yml
		.github\workflows\test-reporter.yml = .github\workflows\test-reporter.yml
		.github\workflows\Plagiarism_detector.yml = .github\workflows\Plagiarism_detector.yml
		.github\coverlet.runsettings = .github\coverlet.runsettings
	EndProjectSection
EndProject
Project("{2150E333-8FDC-42A3-9474-1A3956D46DE8}") = "Homework12", "Homework12", "{F76958C8-AD2F-4006-80AF-D7A466020AD3}"
	ProjectSection(SolutionItems) = preProject
		Homework12\README.md = Homework12\README.md
	EndProjectSection
EndProject
Project("{FAE04EC0-301F-11D3-BF4B-00C04F79EFBC}") = "Hw12", "Homework12\Hw12\Hw12.csproj", "{93E929A3-EF7A-481E-94C2-47AEB416A7A9}"
EndProject
Project("{2150E333-8FDC-42A3-9474-1A3956D46DE8}") = "Homework11", "Homework11", "{1612C2ED-C61C-4230-A7EA-7AA222551CF6}"
EndProject
Project("{FAE04EC0-301F-11D3-BF4B-00C04F79EFBC}") = "Hw11", "Homework11\Hw11\Hw11.csproj", "{54F99E2A-6751-43FC-A2C2-61AD3DA43812}"
EndProject
Project("{FAE04EC0-301F-11D3-BF4B-00C04F79EFBC}") = "Hw11Tests", "Homework11\Hw11.Tests\Hw11Tests.csproj", "{C92E1512-7FA7-4EEE-9EBC-18A28DF1A3B5}"
EndProject
Project("{2150E333-8FDC-42A3-9474-1A3956D46DE8}") = "Homework10", "Homework10", "{64C5119D-59F7-48D3-ABB0-25BC5B63413A}"
EndProject
Project("{FAE04EC0-301F-11D3-BF4B-00C04F79EFBC}") = "Hw10", "Homework10\Hw10\Hw10.csproj", "{F21A76AA-A637-4A69-A60B-435FE3F20D01}"
EndProject
Project("{2150E333-8FDC-42A3-9474-1A3956D46DE8}") = "Homework9", "Homework9", "{245BBB50-C4B7-435F-BB5C-40706796549F}"
EndProject
Project("{2150E333-8FDC-42A3-9474-1A3956D46DE8}") = "Homework8", "Homework8", "{A24B8B2B-CE49-474F-953D-C3F43BFC9847}"
EndProject
Project("{2150E333-8FDC-42A3-9474-1A3956D46DE8}") = "Homework7", "Homework7", "{1116DDAB-DF13-42C2-85A3-DB4652B80BC3}"
EndProject
Project("{FAE04EC0-301F-11D3-BF4B-00C04F79EFBC}") = "Hw7", "Homework7\Hw7\Hw7.csproj", "{06B872C0-E005-4E20-9E03-2BEA991F1DE2}"
EndProject
Project("{FAE04EC0-301F-11D3-BF4B-00C04F79EFBC}") = "Hw7.Tests", "Homework7\Hw7.Tests\Hw7.Tests.csproj", "{15AB4742-244E-4EFB-9E24-D658DFCBC8C9}"
EndProject
Project("{2150E333-8FDC-42A3-9474-1A3956D46DE8}") = "Homework6", "Homework6", "{0BBB78EA-BE80-4254-8C7A-A6624B767191}"
EndProject
Project("{F2A71F9B-5D33-465A-A702-920D77279786}") = "Hw6", "Homework6\Hw6\Hw6.fsproj", "{6FB96400-97F4-4D65-9385-2A78661583A8}"
EndProject
Project("{F2A71F9B-5D33-465A-A702-920D77279786}") = "Hw6.Client", "Homework6\Hw6.Client\Hw6.Client.fsproj", "{CBDF4482-9989-434D-86D4-0A3EABE43DBA}"
EndProject
Project("{FAE04EC0-301F-11D3-BF4B-00C04F79EFBC}") = "Hw6Tests", "Homework6\Hw6.Tests\Hw6Tests.csproj", "{57BE411D-F9FC-4BC2-A04A-33ED367FFDD3}"
EndProject
Project("{2150E333-8FDC-42A3-9474-1A3956D46DE8}") = "Homework5", "Homework5", "{70F8E5A8-7B00-48C7-89C7-B3C3D9F1A26A}"
EndProject
Project("{F2A71F9B-5D33-465A-A702-920D77279786}") = "Hw5", "Homework5\Hw5\Hw5.fsproj", "{946E4E81-8210-45BA-80B3-809C10B31824}"
EndProject
Project("{F2A71F9B-5D33-465A-A702-920D77279786}") = "Hw5.Tests", "Homework5\Hw5.Tests\Hw5.Tests.fsproj", "{4CF28F92-7752-4648-AFD5-C0465EB1A06C}"
EndProject
Project("{2150E333-8FDC-42A3-9474-1A3956D46DE8}") = "Homework4", "Homework4", "{AB6AF4D7-8C2C-413B-8F40-1B4EABE8D640}"
EndProject
Project("{F2A71F9B-5D33-465A-A702-920D77279786}") = "Hw4", "Homework4\Hw4\Hw4.fsproj", "{6174E9EA-6F04-4FDC-BDC9-E453352E63FA}"
EndProject
Project("{F2A71F9B-5D33-465A-A702-920D77279786}") = "Hw4.Tests", "Homework4\Hw4.Tests\Hw4.Tests.fsproj", "{A66C0D77-4F2F-414D-AC2F-0BC11DBD5340}"
EndProject
Project("{2150E333-8FDC-42A3-9474-1A3956D46DE8}") = "Homework3", "Homework3", "{F3A28E35-6E1B-4B5F-BAB1-8C8A3B987AFC}"
EndProject
Project("{FAE04EC0-301F-11D3-BF4B-00C04F79EFBC}") = "Hw3", "Homework3\Hw3\Hw3.csproj", "{E72824DC-884F-417A-B818-C77DC7B71F8B}"
EndProject
Project("{FAE04EC0-301F-11D3-BF4B-00C04F79EFBC}") = "Hw3.Mutex", "Homework3\Hw3.Mutex\Hw3.Mutex.csproj", "{BB007E4F-F908-44CB-B003-E7BAE8855112}"
EndProject
Project("{FAE04EC0-301F-11D3-BF4B-00C04F79EFBC}") = "Hw3.Tests", "Homework3\Hw3.Tests\Hw3.Tests.csproj", "{64DF8C5E-D24A-4635-A6A9-1AE547A9B769}"
EndProject
Project("{2150E333-8FDC-42A3-9474-1A3956D46DE8}") = "Homework1", "Homework1", "{E43A17C7-D09A-456C-B99D-7F2619EDFA31}"
EndProject
Project("{FAE04EC0-301F-11D3-BF4B-00C04F79EFBC}") = "Hw1", "Homework1\Hw1\Hw1.csproj", "{85D974B3-0200-4D34-9345-0AFA4D5776B9}"
EndProject
Project("{FAE04EC0-301F-11D3-BF4B-00C04F79EFBC}") = "Hw1.Tests", "Homework1\Hw1.Tests\Hw1.Tests.csproj", "{CF686B99-9D1D-4FF2-8880-5C95AD49AA2C}"
EndProject
Project("{FAE04EC0-301F-11D3-BF4B-00C04F79EFBC}") = "Hw8", "Homework8\Hw8\Hw8.csproj", "{B0B9C8DB-3041-47F1-AEAC-80CEF04D25E1}"
EndProject
Project("{FAE04EC0-301F-11D3-BF4B-00C04F79EFBC}") = "Hw8.Tests", "Homework8\Hw8.Tests\Hw8.Tests.csproj", "{0814BE17-CB3D-40AB-B7C4-EF40F144A7C8}"
EndProject
Project("{FAE04EC0-301F-11D3-BF4B-00C04F79EFBC}") = "Hw9", "Homework9\Hw9\Hw9.csproj", "{2FBC251F-3A14-4CD7-AD2F-E6EA1C3FA5AE}"
EndProject
Project("{FAE04EC0-301F-11D3-BF4B-00C04F79EFBC}") = "Hw9.Tests", "Homework9\Hw9.Tests\Hw9.Tests.csproj", "{7932CC78-CECF-4C2B-A425-D9E1AAC69EFF}"
EndProject
Project("{FAE04EC0-301F-11D3-BF4B-00C04F79EFBC}") = "Hw10.Tests", "Homework10\Hw10.Tests\Hw10.Tests.csproj", "{F2945A6E-FB6A-446B-95BA-DEEE74A48167}"
EndProject
Global
	GlobalSection(SolutionConfigurationPlatforms) = preSolution
		Debug|Any CPU = Debug|Any CPU
		Release|Any CPU = Release|Any CPU
	EndGlobalSection
	GlobalSection(ProjectConfigurationPlatforms) = postSolution
		{55A6CAA6-16E2-474E-8882-62BCF3712CA7}.Debug|Any CPU.ActiveCfg = Debug|Any CPU
		{55A6CAA6-16E2-474E-8882-62BCF3712CA7}.Debug|Any CPU.Build.0 = Debug|Any CPU
		{55A6CAA6-16E2-474E-8882-62BCF3712CA7}.Release|Any CPU.ActiveCfg = Release|Any CPU
		{55A6CAA6-16E2-474E-8882-62BCF3712CA7}.Release|Any CPU.Build.0 = Release|Any CPU
		{7C271E66-7D98-40E0-8A39-5FDC8FBADE4B}.Debug|Any CPU.ActiveCfg = Debug|Any CPU
		{7C271E66-7D98-40E0-8A39-5FDC8FBADE4B}.Debug|Any CPU.Build.0 = Debug|Any CPU
		{7C271E66-7D98-40E0-8A39-5FDC8FBADE4B}.Release|Any CPU.ActiveCfg = Release|Any CPU
		{7C271E66-7D98-40E0-8A39-5FDC8FBADE4B}.Release|Any CPU.Build.0 = Release|Any CPU
		{85D974B3-0200-4D34-9345-0AFA4D5776B9}.Debug|Any CPU.ActiveCfg = Debug|Any CPU
		{85D974B3-0200-4D34-9345-0AFA4D5776B9}.Debug|Any CPU.Build.0 = Debug|Any CPU
		{CF686B99-9D1D-4FF2-8880-5C95AD49AA2C}.Debug|Any CPU.ActiveCfg = Debug|Any CPU
		{CF686B99-9D1D-4FF2-8880-5C95AD49AA2C}.Debug|Any CPU.Build.0 = Debug|Any CPU
		{F21A76AA-A637-4A69-A60B-435FE3F20D01}.Debug|Any CPU.ActiveCfg = Debug|Any CPU
		{F21A76AA-A637-4A69-A60B-435FE3F20D01}.Debug|Any CPU.Build.0 = Debug|Any CPU
		{54F99E2A-6751-43FC-A2C2-61AD3DA43812}.Debug|Any CPU.ActiveCfg = Debug|Any CPU
		{54F99E2A-6751-43FC-A2C2-61AD3DA43812}.Debug|Any CPU.Build.0 = Debug|Any CPU
		{C92E1512-7FA7-4EEE-9EBC-18A28DF1A3B5}.Debug|Any CPU.ActiveCfg = Debug|Any CPU
		{C92E1512-7FA7-4EEE-9EBC-18A28DF1A3B5}.Debug|Any CPU.Build.0 = Debug|Any CPU
		{E72824DC-884F-417A-B818-C77DC7B71F8B}.Debug|Any CPU.ActiveCfg = Debug|Any CPU
		{E72824DC-884F-417A-B818-C77DC7B71F8B}.Debug|Any CPU.Build.0 = Debug|Any CPU
		{BB007E4F-F908-44CB-B003-E7BAE8855112}.Debug|Any CPU.ActiveCfg = Debug|Any CPU
		{BB007E4F-F908-44CB-B003-E7BAE8855112}.Debug|Any CPU.Build.0 = Debug|Any CPU
		{64DF8C5E-D24A-4635-A6A9-1AE547A9B769}.Debug|Any CPU.ActiveCfg = Debug|Any CPU
		{64DF8C5E-D24A-4635-A6A9-1AE547A9B769}.Debug|Any CPU.Build.0 = Debug|Any CPU
		{6174E9EA-6F04-4FDC-BDC9-E453352E63FA}.Debug|Any CPU.ActiveCfg = Debug|Any CPU
		{6174E9EA-6F04-4FDC-BDC9-E453352E63FA}.Debug|Any CPU.Build.0 = Debug|Any CPU
		{A66C0D77-4F2F-414D-AC2F-0BC11DBD5340}.Debug|Any CPU.ActiveCfg = Debug|Any CPU
		{A66C0D77-4F2F-414D-AC2F-0BC11DBD5340}.Debug|Any CPU.Build.0 = Debug|Any CPU
		{946E4E81-8210-45BA-80B3-809C10B31824}.Debug|Any CPU.ActiveCfg = Debug|Any CPU
		{946E4E81-8210-45BA-80B3-809C10B31824}.Debug|Any CPU.Build.0 = Debug|Any CPU
		{4CF28F92-7752-4648-AFD5-C0465EB1A06C}.Debug|Any CPU.ActiveCfg = Debug|Any CPU
		{4CF28F92-7752-4648-AFD5-C0465EB1A06C}.Debug|Any CPU.Build.0 = Debug|Any CPU
		{6FB96400-97F4-4D65-9385-2A78661583A8}.Debug|Any CPU.ActiveCfg = Debug|Any CPU
		{6FB96400-97F4-4D65-9385-2A78661583A8}.Debug|Any CPU.Build.0 = Debug|Any CPU
		{CBDF4482-9989-434D-86D4-0A3EABE43DBA}.Debug|Any CPU.ActiveCfg = Debug|Any CPU
		{CBDF4482-9989-434D-86D4-0A3EABE43DBA}.Debug|Any CPU.Build.0 = Debug|Any CPU
		{57BE411D-F9FC-4BC2-A04A-33ED367FFDD3}.Debug|Any CPU.ActiveCfg = Debug|Any CPU
		{57BE411D-F9FC-4BC2-A04A-33ED367FFDD3}.Debug|Any CPU.Build.0 = Debug|Any CPU
		{06B872C0-E005-4E20-9E03-2BEA991F1DE2}.Debug|Any CPU.ActiveCfg = Debug|Any CPU
		{06B872C0-E005-4E20-9E03-2BEA991F1DE2}.Debug|Any CPU.Build.0 = Debug|Any CPU
		{15AB4742-244E-4EFB-9E24-D658DFCBC8C9}.Debug|Any CPU.ActiveCfg = Debug|Any CPU
		{15AB4742-244E-4EFB-9E24-D658DFCBC8C9}.Debug|Any CPU.Build.0 = Debug|Any CPU
		{B0B9C8DB-3041-47F1-AEAC-80CEF04D25E1}.Debug|Any CPU.ActiveCfg = Debug|Any CPU
		{B0B9C8DB-3041-47F1-AEAC-80CEF04D25E1}.Debug|Any CPU.Build.0 = Debug|Any CPU
		{B0B9C8DB-3041-47F1-AEAC-80CEF04D25E1}.Release|Any CPU.ActiveCfg = Release|Any CPU
		{B0B9C8DB-3041-47F1-AEAC-80CEF04D25E1}.Release|Any CPU.Build.0 = Release|Any CPU
		{0814BE17-CB3D-40AB-B7C4-EF40F144A7C8}.Debug|Any CPU.ActiveCfg = Debug|Any CPU
		{0814BE17-CB3D-40AB-B7C4-EF40F144A7C8}.Debug|Any CPU.Build.0 = Debug|Any CPU
		{0814BE17-CB3D-40AB-B7C4-EF40F144A7C8}.Release|Any CPU.ActiveCfg = Release|Any CPU
		{0814BE17-CB3D-40AB-B7C4-EF40F144A7C8}.Release|Any CPU.Build.0 = Release|Any CPU
		{2FBC251F-3A14-4CD7-AD2F-E6EA1C3FA5AE}.Debug|Any CPU.ActiveCfg = Debug|Any CPU
		{2FBC251F-3A14-4CD7-AD2F-E6EA1C3FA5AE}.Debug|Any CPU.Build.0 = Debug|Any CPU
		{2FBC251F-3A14-4CD7-AD2F-E6EA1C3FA5AE}.Release|Any CPU.ActiveCfg = Release|Any CPU
		{2FBC251F-3A14-4CD7-AD2F-E6EA1C3FA5AE}.Release|Any CPU.Build.0 = Release|Any CPU
		{7932CC78-CECF-4C2B-A425-D9E1AAC69EFF}.Debug|Any CPU.ActiveCfg = Debug|Any CPU
		{7932CC78-CECF-4C2B-A425-D9E1AAC69EFF}.Debug|Any CPU.Build.0 = Debug|Any CPU
		{7932CC78-CECF-4C2B-A425-D9E1AAC69EFF}.Release|Any CPU.ActiveCfg = Release|Any CPU
		{7932CC78-CECF-4C2B-A425-D9E1AAC69EFF}.Release|Any CPU.Build.0 = Release|Any CPU
		{F2945A6E-FB6A-446B-95BA-DEEE74A48167}.Debug|Any CPU.ActiveCfg = Debug|Any CPU
		{F2945A6E-FB6A-446B-95BA-DEEE74A48167}.Debug|Any CPU.Build.0 = Debug|Any CPU
		{F2945A6E-FB6A-446B-95BA-DEEE74A48167}.Release|Any CPU.ActiveCfg = Release|Any CPU
		{F2945A6E-FB6A-446B-95BA-DEEE74A48167}.Release|Any CPU.Build.0 = Release|Any CPU
	EndGlobalSection
	GlobalSection(NestedProjects) = preSolution
		{55A6CAA6-16E2-474E-8882-62BCF3712CA7} = {C7D8B4A4-35B9-4D97-A54F-8DD80BC30E38}
		{7C271E66-7D98-40E0-8A39-5FDC8FBADE4B} = {C7D8B4A4-35B9-4D97-A54F-8DD80BC30E38}
		{85D974B3-0200-4D34-9345-0AFA4D5776B9} = {E43A17C7-D09A-456C-B99D-7F2619EDFA31}
		{CF686B99-9D1D-4FF2-8880-5C95AD49AA2C} = {E43A17C7-D09A-456C-B99D-7F2619EDFA31}
		{E72824DC-884F-417A-B818-C77DC7B71F8B} = {F3A28E35-6E1B-4B5F-BAB1-8C8A3B987AFC}
		{BB007E4F-F908-44CB-B003-E7BAE8855112} = {F3A28E35-6E1B-4B5F-BAB1-8C8A3B987AFC}
		{64DF8C5E-D24A-4635-A6A9-1AE547A9B769} = {F3A28E35-6E1B-4B5F-BAB1-8C8A3B987AFC}
		{6174E9EA-6F04-4FDC-BDC9-E453352E63FA} = {AB6AF4D7-8C2C-413B-8F40-1B4EABE8D640}
		{A66C0D77-4F2F-414D-AC2F-0BC11DBD5340} = {AB6AF4D7-8C2C-413B-8F40-1B4EABE8D640}
		{946E4E81-8210-45BA-80B3-809C10B31824} = {70F8E5A8-7B00-48C7-89C7-B3C3D9F1A26A}
		{4CF28F92-7752-4648-AFD5-C0465EB1A06C} = {70F8E5A8-7B00-48C7-89C7-B3C3D9F1A26A}
		{6FB96400-97F4-4D65-9385-2A78661583A8} = {0BBB78EA-BE80-4254-8C7A-A6624B767191}
		{CBDF4482-9989-434D-86D4-0A3EABE43DBA} = {0BBB78EA-BE80-4254-8C7A-A6624B767191}
		{57BE411D-F9FC-4BC2-A04A-33ED367FFDD3} = {0BBB78EA-BE80-4254-8C7A-A6624B767191}
		{06B872C0-E005-4E20-9E03-2BEA991F1DE2} = {1116DDAB-DF13-42C2-85A3-DB4652B80BC3}
		{15AB4742-244E-4EFB-9E24-D658DFCBC8C9} = {1116DDAB-DF13-42C2-85A3-DB4652B80BC3}
		{F21A76AA-A637-4A69-A60B-435FE3F20D01} = {64C5119D-59F7-48D3-ABB0-25BC5B63413A}
		{54F99E2A-6751-43FC-A2C2-61AD3DA43812} = {1612C2ED-C61C-4230-A7EA-7AA222551CF6}
		{C92E1512-7FA7-4EEE-9EBC-18A28DF1A3B5} = {1612C2ED-C61C-4230-A7EA-7AA222551CF6}
		{B0B9C8DB-3041-47F1-AEAC-80CEF04D25E1} = {A24B8B2B-CE49-474F-953D-C3F43BFC9847}
		{0814BE17-CB3D-40AB-B7C4-EF40F144A7C8} = {A24B8B2B-CE49-474F-953D-C3F43BFC9847}
		{2FBC251F-3A14-4CD7-AD2F-E6EA1C3FA5AE} = {245BBB50-C4B7-435F-BB5C-40706796549F}
		{7932CC78-CECF-4C2B-A425-D9E1AAC69EFF} = {245BBB50-C4B7-435F-BB5C-40706796549F}
		{F2945A6E-FB6A-446B-95BA-DEEE74A48167} = {64C5119D-59F7-48D3-ABB0-25BC5B63413A}
	EndGlobalSection
EndGlobal